<?xml version="1.0" encoding="utf-8"?>
<Project ToolsVersion="4.0" xmlns="http://schemas.microsoft.com/developer/msbuild/2003">
  <ItemGroup>
    <Filter Include="External">
      <UniqueIdentifier>{503669be-6b85-4a59-876f-7c5213af31d0}</UniqueIdentifier>
    </Filter>
    <Filter Include="External\tgl">
      <UniqueIdentifier>{9a3c9550-3b48-4f15-a26d-b1b531d95fd8}</UniqueIdentifier>
    </Filter>
    <Filter Include="External\tygra">
      <UniqueIdentifier>{35a81ccb-0b08-4f72-979f-3c831d80462d}</UniqueIdentifier>
    </Filter>
    <Filter Include="External\SceneModel">
      <UniqueIdentifier>{19dd60ce-03c7-4c6a-9a30-703490d9d5c2}</UniqueIdentifier>
    </Filter>
    <Filter Include="Misc">
      <UniqueIdentifier>{7f567025-4bd6-4704-aca6-1e321230b7ee}</UniqueIdentifier>
    </Filter>
    <Filter Include="MyView">
      <UniqueIdentifier>{055e31f4-8896-4c3b-b3cb-bfc973d011da}</UniqueIdentifier>
    </Filter>
    <Filter Include="Utility">
      <UniqueIdentifier>{30e8595a-fc07-45db-8580-7f2b3ec65fd3}</UniqueIdentifier>
    </Filter>
    <Filter Include="Shaders">
      <UniqueIdentifier>{e36f76a8-f65c-4afd-b039-29b35d29dae4}</UniqueIdentifier>
    </Filter>
  </ItemGroup>
  <ItemGroup>
    <ClCompile Include="..\external\src\tgl\tgl.c">
      <Filter>External\tgl</Filter>
    </ClCompile>
    <ClCompile Include="..\external\src\tygra\Window.cpp">
      <Filter>External\tygra</Filter>
    </ClCompile>
    <ClCompile Include="..\external\src\tygra\FileHelper.cpp">
      <Filter>External\tygra</Filter>
    </ClCompile>
    <ClCompile Include="..\external\src\SceneModel\GeometryBuilder.cpp">
      <Filter>External\SceneModel</Filter>
    </ClCompile>
    <ClCompile Include="..\external\src\SceneModel\Instance.cpp">
      <Filter>External\SceneModel</Filter>
    </ClCompile>
    <ClCompile Include="..\external\src\SceneModel\Light.cpp">
      <Filter>External\SceneModel</Filter>
    </ClCompile>
    <ClCompile Include="..\external\src\SceneModel\Material.cpp">
      <Filter>External\SceneModel</Filter>
    </ClCompile>
    <ClCompile Include="..\external\src\SceneModel\Mesh.cpp">
      <Filter>External\SceneModel</Filter>
    </ClCompile>
    <ClCompile Include="..\external\src\SceneModel\Camera.cpp">
      <Filter>External\SceneModel</Filter>
    </ClCompile>
    <ClCompile Include="..\external\src\SceneModel\Context.cpp">
      <Filter>External\SceneModel</Filter>
    </ClCompile>
    <ClCompile Include="Utility\OpenGL.cpp">
      <Filter>Utility</Filter>
    </ClCompile>
    <ClCompile Include="Misc\Vertex.cpp">
      <Filter>Misc</Filter>
    </ClCompile>
    <ClCompile Include="Misc\MyController.cpp">
      <Filter>Misc</Filter>
    </ClCompile>
    <ClCompile Include="MyView\MyView.cpp">
      <Filter>MyView</Filter>
    </ClCompile>
    <ClCompile Include="MyView\UniformData.cpp">
      <Filter>MyView</Filter>
    </ClCompile>
    <ClCompile Include="MyView\Mesh.cpp">
      <Filter>MyView</Filter>
    </ClCompile>
    <ClCompile Include="MyView\Material.cpp">
      <Filter>MyView</Filter>
    </ClCompile>
    <ClCompile Include="main.cpp" />
  </ItemGroup>
  <ItemGroup>
    <ClInclude Include="..\external\include\SceneModel\GeometryBuilder.hpp">
      <Filter>External\SceneModel</Filter>
    </ClInclude>
    <ClInclude Include="..\external\include\SceneModel\Instance.hpp">
      <Filter>External\SceneModel</Filter>
    </ClInclude>
    <ClInclude Include="..\external\include\SceneModel\Light.hpp">
      <Filter>External\SceneModel</Filter>
    </ClInclude>
    <ClInclude Include="..\external\include\SceneModel\Material.hpp">
      <Filter>External\SceneModel</Filter>
    </ClInclude>
    <ClInclude Include="..\external\include\SceneModel\Mesh.hpp">
      <Filter>External\SceneModel</Filter>
    </ClInclude>
    <ClInclude Include="..\external\include\SceneModel\SceneModel.hpp">
      <Filter>External\SceneModel</Filter>
    </ClInclude>
    <ClInclude Include="..\external\include\SceneModel\SceneModel_fwd.hpp">
      <Filter>External\SceneModel</Filter>
    </ClInclude>
    <ClInclude Include="..\external\include\SceneModel\Camera.hpp">
      <Filter>External\SceneModel</Filter>
    </ClInclude>
    <ClInclude Include="..\external\include\SceneModel\Context.hpp">
      <Filter>External\SceneModel</Filter>
    </ClInclude>
    <ClInclude Include="..\external\src\SceneModel\FirstPersonMovement.hpp">
      <Filter>External\SceneModel</Filter>
    </ClInclude>
    <ClInclude Include="Utility\OpenGL.h">
      <Filter>Utility</Filter>
    </ClInclude>
    <ClInclude Include="MyView\Material.h">
      <Filter>MyView</Filter>
    </ClInclude>
    <ClInclude Include="MyView\Mesh.h">
      <Filter>MyView</Filter>
    </ClInclude>
    <ClInclude Include="MyView\MyView.h">
      <Filter>MyView</Filter>
    </ClInclude>
    <ClInclude Include="MyView\UniformData.h">
      <Filter>MyView</Filter>
    </ClInclude>
    <ClInclude Include="Misc\MyController.h">
      <Filter>Misc</Filter>
    </ClInclude>
    <ClInclude Include="Misc\Vertex.h">
      <Filter>Misc</Filter>
    </ClInclude>
    <ClInclude Include="Utility\Maths.h">
      <Filter>Utility</Filter>
    </ClInclude>
  </ItemGroup>
  <ItemGroup>
    <None Include="..\demo\sponza_vs.glsl">
      <Filter>Shaders</Filter>
    </None>
    <None Include="..\demo\sponza_fs.glsl">
      <Filter>Shaders</Filter>
    </None>
  </ItemGroup>
</Project>